
Microsoft Visual Studio Solution File, Format Version 12.00
# Visual Studio Version 17
VisualStudioVersion = 17.2.32616.157
MinimumVisualStudioVersion = 10.0.40219.1
Project("{9A19103F-16F7-4668-BE54-9A1E7A4F7556}") = "TinyEXR.NET", "TinyEXR.NET.csproj", "{8F266B52-70C3-4C92-AC87-A0F0303AA12B}"
EndProject
Project("{FAE04EC0-301F-11D3-BF4B-00C04F79EFBC}") = "TinyEXR.Generate", "..\TinyEXR.Generate\TinyEXR.Generate.csproj", "{1BB8B84A-EA35-4262-BF5C-C123FED91ACE}"
EndProject
Global
	GlobalSection(SolutionConfigurationPlatforms) = preSolution
		Debug|Any CPU = Debug|Any CPU
		Release|Any CPU = Release|Any CPU
	EndGlobalSection
	GlobalSection(ProjectConfigurationPlatforms) = postSolution
		{8F266B52-70C3-4C92-AC87-A0F0303AA12B}.Debug|Any CPU.ActiveCfg = Debug|Any CPU
		{8F266B52-70C3-4C92-AC87-A0F0303AA12B}.Debug|Any CPU.Build.0 = Debug|Any CPU
		{8F266B52-70C3-4C92-AC87-A0F0303AA12B}.Release|Any CPU.ActiveCfg = Release|Any CPU
		{8F266B52-70C3-4C92-AC87-A0F0303AA12B}.Release|Any CPU.Build.0 = Release|Any CPU
		{1BB8B84A-EA35-4262-BF5C-C123FED91ACE}.Debug|Any CPU.ActiveCfg = Debug|Any CPU
		{1BB8B84A-EA35-4262-BF5C-C123FED91ACE}.Debug|Any CPU.Build.0 = Debug|Any CPU
		{1BB8B84A-EA35-4262-BF5C-C123FED91ACE}.Release|Any CPU.ActiveCfg = Release|Any CPU
		{1BB8B84A-EA35-4262-BF5C-C123FED91ACE}.Release|Any CPU.Build.0 = Release|Any CPU
	EndGlobalSection
	GlobalSection(SolutionProperties) = preSolution
		HideSolutionNode = FALSE
	EndGlobalSection
	GlobalSection(ExtensibilityGlobals) = postSolution
		SolutionGuid = {69A3148C-5390-4E23-A50B-662D3E5AE412}
	EndGlobalSection
EndGlobal
