
Microsoft Visual Studio Solution File, Format Version 12.00
# Visual Studio Version 17
VisualStudioVersion = 17.5.33516.290
MinimumVisualStudioVersion = 10.0.40219.1
Project("{9A19103F-16F7-4668-BE54-9A1E7A4F7556}") = "TinyEXR.Test", "TinyEXR.Test.csproj", "{27B33614-B801-4EBA-A62B-A1AEE33AA2D3}"
EndProject
Global
	GlobalSection(SolutionConfigurationPlatforms) = preSolution
		Debug|Any CPU = Debug|Any CPU
		Release|Any CPU = Release|Any CPU
	EndGlobalSection
	GlobalSection(ProjectConfigurationPlatforms) = postSolution
		{27B33614-B801-4EBA-A62B-A1AEE33AA2D3}.Debug|Any CPU.ActiveCfg = Debug|Any CPU
		{27B33614-B801-4EBA-A62B-A1AEE33AA2D3}.Debug|Any CPU.Build.0 = Debug|Any CPU
		{27B33614-B801-4EBA-A62B-A1AEE33AA2D3}.Release|Any CPU.ActiveCfg = Release|Any CPU
		{27B33614-B801-4EBA-A62B-A1AEE33AA2D3}.Release|Any CPU.Build.0 = Release|Any CPU
	EndGlobalSection
	GlobalSection(SolutionProperties) = preSolution
		HideSolutionNode = FALSE
	EndGlobalSection
	GlobalSection(ExtensibilityGlobals) = postSolution
		SolutionGuid = {90F35F06-6539-4A93-9469-EE5396FBA123}
	EndGlobalSection
EndGlobal
